
Microsoft Visual Studio Solution File, Format Version 12.00
# Visual Studio Version 16
VisualStudioVersion = 16.0.31729.503
MinimumVisualStudioVersion = 10.0.40219.1
Project("{FAE04EC0-301F-11D3-BF4B-00C04F79EFBC}") = "FinalProject", "FinalProject\FinalProject.csproj", "{4FDE0917-7688-4960-BEEA-A630F5FDD600}"
EndProject
Global
	GlobalSection(SolutionConfigurationPlatforms) = preSolution
		Debug|Any CPU = Debug|Any CPU
		Release|Any CPU = Release|Any CPU
	EndGlobalSection
	GlobalSection(ProjectConfigurationPlatforms) = postSolution
		{4FDE0917-7688-4960-BEEA-A630F5FDD600}.Debug|Any CPU.ActiveCfg = Debug|Any CPU
		{4FDE0917-7688-4960-BEEA-A630F5FDD600}.Debug|Any CPU.Build.0 = Debug|Any CPU
		{4FDE0917-7688-4960-BEEA-A630F5FDD600}.Release|Any CPU.ActiveCfg = Release|Any CPU
		{4FDE0917-7688-4960-BEEA-A630F5FDD600}.Release|Any CPU.Build.0 = Release|Any CPU
	EndGlobalSection
	GlobalSection(SolutionProperties) = preSolution
		HideSolutionNode = FALSE
	EndGlobalSection
	GlobalSection(ExtensibilityGlobals) = postSolution
		SolutionGuid = {BD86397C-B40B-46B5-8D4A-D69AE6CA4332}
	EndGlobalSection
EndGlobal
